<?xml version="1.0" encoding="UTF-8"?>
<!DOCTYPE plist PUBLIC "-//Apple//DTD PLIST 1.0//EN" "http://www.apple.com/DTDs/PropertyList-1.0.dtd">
<plist version="1.0">
<dict>
	<key>archiveVersion</key>
	<string>1</string>
	<key>classes</key>
	<dict/>
	<key>objectVersion</key>
	<string>46</string>
	<key>objects</key>
	<dict>
		<key>0E8900E512F440B69C19F077</key>
		<dict>
			<key>buildActionMask</key>
			<string>2147483647</string>
			<key>files</key>
			<array/>
			<key>inputPaths</key>
			<array/>
			<key>isa</key>
			<string>PBXShellScriptBuildPhase</string>
			<key>name</key>
			<string>Check Pods Manifest.lock</string>
			<key>outputPaths</key>
			<array/>
			<key>runOnlyForDeploymentPostprocessing</key>
			<string>0</string>
			<key>shellPath</key>
			<string>/bin/sh</string>
			<key>shellScript</key>
			<string>diff "${PODS_ROOT}/../Podfile.lock" "${PODS_ROOT}/Manifest.lock" &gt; /dev/null
if [[ $? != 0 ]] ; then
    cat &lt;&lt; EOM
error: The sandbox is not in sync with the Podfile.lock. Run 'pod install' or update your CocoaPods installation.
EOM
    exit 1
fi
</string>
			<key>showEnvVarsInLog</key>
			<string>0</string>
		</dict>
		<key>240D8007F64D4495AE0BA4D9</key>
		<dict>
			<key>fileRef</key>
			<string>D92E6B0A2F124FD387BD48AC</string>
			<key>isa</key>
			<string>PBXBuildFile</string>
		</dict>
		<key>40E7359C8540412BBAFEFB5B</key>
		<dict>
			<key>includeInIndex</key>
			<string>1</string>
			<key>isa</key>
			<string>PBXFileReference</string>
			<key>lastKnownFileType</key>
			<string>text.xcconfig</string>
			<key>name</key>
			<string>Pods.xcconfig</string>
			<key>path</key>
			<string>../Pods/Pods.xcconfig</string>
			<key>sourceTree</key>
			<string>SOURCE_ROOT</string>
		</dict>
		<key>8DA89032EFBC4BB0816E3170</key>
		<dict>
			<key>buildActionMask</key>
			<string>2147483647</string>
			<key>files</key>
			<array/>
			<key>inputPaths</key>
			<array/>
			<key>isa</key>
			<string>PBXShellScriptBuildPhase</string>
			<key>name</key>
			<string>Copy Pods Resources</string>
			<key>outputPaths</key>
			<array/>
			<key>runOnlyForDeploymentPostprocessing</key>
			<string>0</string>
			<key>shellPath</key>
			<string>/bin/sh</string>
			<key>shellScript</key>
			<string>"${SRCROOT}/../Pods/Pods-resources.sh"
</string>
			<key>showEnvVarsInLog</key>
			<string>0</string>
		</dict>
		<key>AB94260117AE51AB0053D2F6</key>
		<dict>
			<key>children</key>
			<array>
				<string>AB94261417AE51AB0053D2F6</string>
				<string>AB94262A17AE51AC0053D2F6</string>
				<string>AB94260D17AE51AB0053D2F6</string>
				<string>AB94260C17AE51AB0053D2F6</string>
				<string>40E7359C8540412BBAFEFB5B</string>
			</array>
			<key>isa</key>
			<string>PBXGroup</string>
			<key>sourceTree</key>
			<string>&lt;group&gt;</string>
		</dict>
		<key>AB94260217AE51AB0053D2F6</key>
		<dict>
			<key>attributes</key>
			<dict>
				<key>LastUpgradeCheck</key>
				<string>0460</string>
				<key>ORGANIZATIONNAME</key>
				<string>Objective-Cloud.com</string>
			</dict>
			<key>buildConfigurationList</key>
			<string>AB94260517AE51AB0053D2F6</string>
			<key>compatibilityVersion</key>
			<string>Xcode 3.2</string>
			<key>developmentRegion</key>
			<string>English</string>
			<key>hasScannedForEncodings</key>
			<string>0</string>
			<key>isa</key>
			<string>PBXProject</string>
			<key>knownRegions</key>
			<array>
				<string>en</string>
			</array>
			<key>mainGroup</key>
			<string>AB94260117AE51AB0053D2F6</string>
			<key>productRefGroup</key>
			<string>AB94260C17AE51AB0053D2F6</string>
			<key>projectDirPath</key>
			<string></string>
			<key>projectReferences</key>
			<array/>
			<key>projectRoot</key>
			<string></string>
			<key>targets</key>
			<array>
				<string>AB94260A17AE51AB0053D2F6</string>
				<string>AB94262217AE51AC0053D2F6</string>
			</array>
		</dict>
		<key>AB94260517AE51AB0053D2F6</key>
		<dict>
			<key>buildConfigurations</key>
			<array>
				<string>AB94263317AE51AC0053D2F6</string>
				<string>AB94263417AE51AC0053D2F6</string>
			</array>
			<key>defaultConfigurationIsVisible</key>
			<string>0</string>
			<key>defaultConfigurationName</key>
			<string>Release</string>
			<key>isa</key>
			<string>XCConfigurationList</string>
		</dict>
		<key>AB94260617AE51AB0053D2F6</key>
		<dict>
			<key>buildActionMask</key>
			<string>2147483647</string>
			<key>files</key>
			<array>
				<string>AB94261D17AE51AB0053D2F6</string>
				<string>AB94265217AE51DB0053D2F6</string>
				<string>AB94265417AE51DB0053D2F6</string>
				<string>AB94265617AE51DB0053D2F6</string>
				<string>AB94265917AE51DB0053D2F6</string>
				<string>AB94265B17AE51DB0053D2F6</string>
				<string>AB94265D17AE51DB0053D2F6</string>
				<string>AB94265F17AE51DB0053D2F6</string>
				<string>AB94266117AE51DB0053D2F6</string>
				<string>AB94266317AE51DB0053D2F6</string>
				<string>AB94266617AE51DB0053D2F6</string>
			</array>
			<key>isa</key>
			<string>PBXSourcesBuildPhase</string>
			<key>runOnlyForDeploymentPostprocessing</key>
			<string>0</string>
		</dict>
		<key>AB94260717AE51AB0053D2F6</key>
		<dict>
			<key>buildActionMask</key>
			<string>2147483647</string>
			<key>files</key>
			<array>
				<string>AB94260F17AE51AB0053D2F6</string>
				<string>240D8007F64D4495AE0BA4D9</string>
			</array>
			<key>isa</key>
			<string>PBXFrameworksBuildPhase</string>
			<key>runOnlyForDeploymentPostprocessing</key>
			<string>0</string>
		</dict>
		<key>AB94260817AE51AB0053D2F6</key>
		<dict>
			<key>buildActionMask</key>
			<string>2147483647</string>
			<key>files</key>
			<array>
				<string>AB94265117AE51DB0053D2F6</string>
				<string>AB94265317AE51DB0053D2F6</string>
				<string>AB94265517AE51DB0053D2F6</string>
				<string>AB94265717AE51DB0053D2F6</string>
				<string>AB94265817AE51DB0053D2F6</string>
				<string>AB94265A17AE51DB0053D2F6</string>
				<string>AB94265C17AE51DB0053D2F6</string>
				<string>AB94265E17AE51DB0053D2F6</string>
				<string>AB94266017AE51DB0053D2F6</string>
				<string>AB94266217AE51DB0053D2F6</string>
				<string>AB94266417AE51DB0053D2F6</string>
				<string>AB94266517AE51DB0053D2F6</string>
			</array>
			<key>isa</key>
			<string>PBXHeadersBuildPhase</string>
			<key>runOnlyForDeploymentPostprocessing</key>
			<string>0</string>
		</dict>
		<key>AB94260917AE51AB0053D2F6</key>
		<dict>
			<key>buildActionMask</key>
			<string>2147483647</string>
			<key>files</key>
			<array>
				<string>AB94261917AE51AB0053D2F6</string>
			</array>
			<key>isa</key>
			<string>PBXResourcesBuildPhase</string>
			<key>runOnlyForDeploymentPostprocessing</key>
			<string>0</string>
		</dict>
		<key>AB94260A17AE51AB0053D2F6</key>
		<dict>
			<key>buildConfigurationList</key>
			<string>AB94263517AE51AC0053D2F6</string>
			<key>buildPhases</key>
			<array>
				<string>0E8900E512F440B69C19F077</string>
				<string>AB94260617AE51AB0053D2F6</string>
				<string>AB94260717AE51AB0053D2F6</string>
				<string>AB94260817AE51AB0053D2F6</string>
				<string>AB94260917AE51AB0053D2F6</string>
				<string>8DA89032EFBC4BB0816E3170</string>
			</array>
			<key>buildRules</key>
			<array/>
			<key>dependencies</key>
			<array/>
			<key>isa</key>
			<string>PBXNativeTarget</string>
			<key>name</key>
			<string>OCFWeb</string>
			<key>productName</key>
			<string>OCFWeb</string>
			<key>productReference</key>
			<string>AB94260B17AE51AB0053D2F6</string>
			<key>productType</key>
			<string>com.apple.product-type.framework</string>
		</dict>
		<key>AB94260B17AE51AB0053D2F6</key>
		<dict>
			<key>explicitFileType</key>
			<string>wrapper.framework</string>
			<key>includeInIndex</key>
			<string>0</string>
			<key>isa</key>
			<string>PBXFileReference</string>
			<key>path</key>
			<string>OCFWeb.framework</string>
			<key>sourceTree</key>
			<string>BUILT_PRODUCTS_DIR</string>
		</dict>
		<key>AB94260C17AE51AB0053D2F6</key>
		<dict>
			<key>children</key>
			<array>
				<string>AB94260B17AE51AB0053D2F6</string>
				<string>AB94262317AE51AC0053D2F6</string>
			</array>
			<key>isa</key>
			<string>PBXGroup</string>
			<key>name</key>
			<string>Products</string>
			<key>sourceTree</key>
			<string>&lt;group&gt;</string>
		</dict>
		<key>AB94260D17AE51AB0053D2F6</key>
		<dict>
			<key>children</key>
			<array>
				<string>AB94260E17AE51AB0053D2F6</string>
				<string>AB94262417AE51AC0053D2F6</string>
				<string>AB94261017AE51AB0053D2F6</string>
				<string>D92E6B0A2F124FD387BD48AC</string>
			</array>
			<key>isa</key>
			<string>PBXGroup</string>
			<key>name</key>
			<string>Frameworks</string>
			<key>sourceTree</key>
			<string>&lt;group&gt;</string>
		</dict>
		<key>AB94260E17AE51AB0053D2F6</key>
		<dict>
			<key>isa</key>
			<string>PBXFileReference</string>
			<key>lastKnownFileType</key>
			<string>wrapper.framework</string>
			<key>name</key>
			<string>Cocoa.framework</string>
			<key>path</key>
			<string>System/Library/Frameworks/Cocoa.framework</string>
			<key>sourceTree</key>
			<string>SDKROOT</string>
		</dict>
		<key>AB94260F17AE51AB0053D2F6</key>
		<dict>
			<key>fileRef</key>
			<string>AB94260E17AE51AB0053D2F6</string>
			<key>isa</key>
			<string>PBXBuildFile</string>
		</dict>
		<key>AB94261017AE51AB0053D2F6</key>
		<dict>
			<key>children</key>
			<array>
				<string>AB94261117AE51AB0053D2F6</string>
				<string>AB94261217AE51AB0053D2F6</string>
				<string>AB94261317AE51AB0053D2F6</string>
			</array>
			<key>isa</key>
			<string>PBXGroup</string>
			<key>name</key>
			<string>Other Frameworks</string>
			<key>sourceTree</key>
			<string>&lt;group&gt;</string>
		</dict>
		<key>AB94261117AE51AB0053D2F6</key>
		<dict>
			<key>isa</key>
			<string>PBXFileReference</string>
			<key>lastKnownFileType</key>
			<string>wrapper.framework</string>
			<key>name</key>
			<string>AppKit.framework</string>
			<key>path</key>
			<string>System/Library/Frameworks/AppKit.framework</string>
			<key>sourceTree</key>
			<string>SDKROOT</string>
		</dict>
		<key>AB94261217AE51AB0053D2F6</key>
		<dict>
			<key>isa</key>
			<string>PBXFileReference</string>
			<key>lastKnownFileType</key>
			<string>wrapper.framework</string>
			<key>name</key>
			<string>CoreData.framework</string>
			<key>path</key>
			<string>System/Library/Frameworks/CoreData.framework</string>
			<key>sourceTree</key>
			<string>SDKROOT</string>
		</dict>
		<key>AB94261317AE51AB0053D2F6</key>
		<dict>
			<key>isa</key>
			<string>PBXFileReference</string>
			<key>lastKnownFileType</key>
			<string>wrapper.framework</string>
			<key>name</key>
			<string>Foundation.framework</string>
			<key>path</key>
			<string>System/Library/Frameworks/Foundation.framework</string>
			<key>sourceTree</key>
			<string>SDKROOT</string>
		</dict>
		<key>AB94261417AE51AB0053D2F6</key>
		<dict>
			<key>children</key>
			<array>
				<string>AB94263B17AE51DB0053D2F6</string>
				<string>AB94263C17AE51DB0053D2F6</string>
				<string>AB94263D17AE51DB0053D2F6</string>
				<string>AB94263E17AE51DB0053D2F6</string>
				<string>AB94263F17AE51DB0053D2F6</string>
				<string>AB94264017AE51DB0053D2F6</string>
				<string>AB94264117AE51DB0053D2F6</string>
				<string>AB94264217AE51DB0053D2F6</string>
				<string>AB94264317AE51DB0053D2F6</string>
				<string>AB94264417AE51DB0053D2F6</string>
				<string>AB94264517AE51DB0053D2F6</string>
				<string>AB94264617AE51DB0053D2F6</string>
				<string>AB94264717AE51DB0053D2F6</string>
				<string>AB94264817AE51DB0053D2F6</string>
				<string>AB94264917AE51DB0053D2F6</string>
				<string>AB94264A17AE51DB0053D2F6</string>
				<string>AB94264B17AE51DB0053D2F6</string>
				<string>AB94264C17AE51DB0053D2F6</string>
				<string>AB94264D17AE51DB0053D2F6</string>
				<string>AB94264E17AE51DB0053D2F6</string>
				<string>AB94264F17AE51DB0053D2F6</string>
				<string>AB94265017AE51DB0053D2F6</string>
				<string>AB94261B17AE51AB0053D2F6</string>
				<string>AB94261C17AE51AB0053D2F6</string>
				<string>AB94261517AE51AB0053D2F6</string>
			</array>
			<key>isa</key>
			<string>PBXGroup</string>
			<key>path</key>
			<string>OCFWeb</string>
			<key>sourceTree</key>
			<string>&lt;group&gt;</string>
		</dict>
		<key>AB94261517AE51AB0053D2F6</key>
		<dict>
			<key>children</key>
			<array>
				<string>AB94261617AE51AB0053D2F6</string>
				<string>AB94261717AE51AB0053D2F6</string>
				<string>AB94261A17AE51AB0053D2F6</string>
			</array>
			<key>isa</key>
			<string>PBXGroup</string>
			<key>name</key>
			<string>Supporting Files</string>
			<key>sourceTree</key>
			<string>&lt;group&gt;</string>
		</dict>
		<key>AB94261617AE51AB0053D2F6</key>
		<dict>
			<key>isa</key>
			<string>PBXFileReference</string>
			<key>lastKnownFileType</key>
			<string>text.plist.xml</string>
			<key>path</key>
			<string>OCFWeb-Info.plist</string>
			<key>sourceTree</key>
			<string>&lt;group&gt;</string>
		</dict>
		<key>AB94261717AE51AB0053D2F6</key>
		<dict>
			<key>children</key>
			<array>
				<string>AB94261817AE51AB0053D2F6</string>
			</array>
			<key>isa</key>
			<string>PBXVariantGroup</string>
			<key>name</key>
			<string>InfoPlist.strings</string>
			<key>sourceTree</key>
			<string>&lt;group&gt;</string>
		</dict>
		<key>AB94261817AE51AB0053D2F6</key>
		<dict>
			<key>isa</key>
			<string>PBXFileReference</string>
			<key>lastKnownFileType</key>
			<string>text.plist.strings</string>
			<key>name</key>
			<string>en</string>
			<key>path</key>
			<string>en.lproj/InfoPlist.strings</string>
			<key>sourceTree</key>
			<string>&lt;group&gt;</string>
		</dict>
		<key>AB94261917AE51AB0053D2F6</key>
		<dict>
			<key>fileRef</key>
			<string>AB94261717AE51AB0053D2F6</string>
			<key>isa</key>
			<string>PBXBuildFile</string>
		</dict>
		<key>AB94261A17AE51AB0053D2F6</key>
		<dict>
			<key>isa</key>
			<string>PBXFileReference</string>
			<key>lastKnownFileType</key>
			<string>sourcecode.c.h</string>
			<key>path</key>
			<string>OCFWeb-Prefix.pch</string>
			<key>sourceTree</key>
			<string>&lt;group&gt;</string>
		</dict>
		<key>AB94261B17AE51AB0053D2F6</key>
		<dict>
			<key>isa</key>
			<string>PBXFileReference</string>
			<key>lastKnownFileType</key>
			<string>sourcecode.c.h</string>
			<key>path</key>
			<string>OCFWeb.h</string>
			<key>sourceTree</key>
			<string>&lt;group&gt;</string>
		</dict>
		<key>AB94261C17AE51AB0053D2F6</key>
		<dict>
			<key>isa</key>
			<string>PBXFileReference</string>
			<key>lastKnownFileType</key>
			<string>sourcecode.c.objc</string>
			<key>path</key>
			<string>OCFWeb.m</string>
			<key>sourceTree</key>
			<string>&lt;group&gt;</string>
		</dict>
		<key>AB94261D17AE51AB0053D2F6</key>
		<dict>
			<key>fileRef</key>
			<string>AB94261C17AE51AB0053D2F6</string>
			<key>isa</key>
			<string>PBXBuildFile</string>
		</dict>
		<key>AB94261E17AE51AC0053D2F6</key>
		<dict>
			<key>buildActionMask</key>
			<string>2147483647</string>
			<key>files</key>
			<array>
				<string>AB94263217AE51AC0053D2F6</string>
			</array>
			<key>isa</key>
			<string>PBXSourcesBuildPhase</string>
			<key>runOnlyForDeploymentPostprocessing</key>
			<string>0</string>
		</dict>
		<key>AB94261F17AE51AC0053D2F6</key>
		<dict>
			<key>buildActionMask</key>
			<string>2147483647</string>
			<key>files</key>
			<array>
				<string>AB94262517AE51AC0053D2F6</string>
				<string>AB94262617AE51AC0053D2F6</string>
				<string>AB94262917AE51AC0053D2F6</string>
			</array>
			<key>isa</key>
			<string>PBXFrameworksBuildPhase</string>
			<key>runOnlyForDeploymentPostprocessing</key>
			<string>0</string>
		</dict>
		<key>AB94262017AE51AC0053D2F6</key>
		<dict>
			<key>buildActionMask</key>
			<string>2147483647</string>
			<key>files</key>
			<array>
				<string>AB94262F17AE51AC0053D2F6</string>
			</array>
			<key>isa</key>
			<string>PBXResourcesBuildPhase</string>
			<key>runOnlyForDeploymentPostprocessing</key>
			<string>0</string>
		</dict>
		<key>AB94262117AE51AC0053D2F6</key>
		<dict>
			<key>buildActionMask</key>
			<string>2147483647</string>
			<key>files</key>
			<array/>
			<key>inputPaths</key>
			<array/>
			<key>isa</key>
			<string>PBXShellScriptBuildPhase</string>
			<key>outputPaths</key>
			<array/>
			<key>runOnlyForDeploymentPostprocessing</key>
			<string>0</string>
			<key>shellPath</key>
			<string>/bin/sh</string>
			<key>shellScript</key>
			<string># Run the unit tests in this test bundle.
"${SYSTEM_DEVELOPER_DIR}/Tools/RunUnitTests"
</string>
		</dict>
		<key>AB94262217AE51AC0053D2F6</key>
		<dict>
			<key>buildConfigurationList</key>
			<string>AB94263817AE51AC0053D2F6</string>
			<key>buildPhases</key>
			<array>
				<string>AB94261E17AE51AC0053D2F6</string>
				<string>AB94261F17AE51AC0053D2F6</string>
				<string>AB94262017AE51AC0053D2F6</string>
				<string>AB94262117AE51AC0053D2F6</string>
			</array>
			<key>buildRules</key>
			<array/>
			<key>dependencies</key>
			<array>
				<string>AB94262817AE51AC0053D2F6</string>
			</array>
			<key>isa</key>
			<string>PBXNativeTarget</string>
			<key>name</key>
			<string>OCFWebTests</string>
			<key>productName</key>
			<string>OCFWebTests</string>
			<key>productReference</key>
			<string>AB94262317AE51AC0053D2F6</string>
			<key>productType</key>
			<string>com.apple.product-type.bundle</string>
		</dict>
		<key>AB94262317AE51AC0053D2F6</key>
		<dict>
			<key>explicitFileType</key>
			<string>wrapper.cfbundle</string>
			<key>includeInIndex</key>
			<string>0</string>
			<key>isa</key>
			<string>PBXFileReference</string>
			<key>path</key>
			<string>OCFWebTests.octest</string>
			<key>sourceTree</key>
			<string>BUILT_PRODUCTS_DIR</string>
		</dict>
		<key>AB94262417AE51AC0053D2F6</key>
		<dict>
			<key>isa</key>
			<string>PBXFileReference</string>
			<key>lastKnownFileType</key>
			<string>wrapper.framework</string>
			<key>name</key>
			<string>SenTestingKit.framework</string>
			<key>path</key>
			<string>Library/Frameworks/SenTestingKit.framework</string>
			<key>sourceTree</key>
			<string>DEVELOPER_DIR</string>
		</dict>
		<key>AB94262517AE51AC0053D2F6</key>
		<dict>
			<key>fileRef</key>
			<string>AB94262417AE51AC0053D2F6</string>
			<key>isa</key>
			<string>PBXBuildFile</string>
		</dict>
		<key>AB94262617AE51AC0053D2F6</key>
		<dict>
			<key>fileRef</key>
			<string>AB94260E17AE51AB0053D2F6</string>
			<key>isa</key>
			<string>PBXBuildFile</string>
		</dict>
		<key>AB94262717AE51AC0053D2F6</key>
		<dict>
			<key>containerPortal</key>
			<string>AB94260217AE51AB0053D2F6</string>
			<key>isa</key>
			<string>PBXContainerItemProxy</string>
			<key>proxyType</key>
			<string>1</string>
			<key>remoteGlobalIDString</key>
			<string>AB94260A17AE51AB0053D2F6</string>
			<key>remoteInfo</key>
			<string>OCFWeb</string>
		</dict>
		<key>AB94262817AE51AC0053D2F6</key>
		<dict>
			<key>isa</key>
			<string>PBXTargetDependency</string>
			<key>target</key>
			<string>AB94260A17AE51AB0053D2F6</string>
			<key>targetProxy</key>
			<string>AB94262717AE51AC0053D2F6</string>
		</dict>
		<key>AB94262917AE51AC0053D2F6</key>
		<dict>
			<key>fileRef</key>
			<string>AB94260B17AE51AB0053D2F6</string>
			<key>isa</key>
			<string>PBXBuildFile</string>
		</dict>
		<key>AB94262A17AE51AC0053D2F6</key>
		<dict>
			<key>children</key>
			<array>
				<string>AB94263017AE51AC0053D2F6</string>
				<string>AB94263117AE51AC0053D2F6</string>
				<string>AB94262B17AE51AC0053D2F6</string>
			</array>
			<key>isa</key>
			<string>PBXGroup</string>
			<key>path</key>
			<string>OCFWebTests</string>
			<key>sourceTree</key>
			<string>&lt;group&gt;</string>
		</dict>
		<key>AB94262B17AE51AC0053D2F6</key>
		<dict>
			<key>children</key>
			<array>
				<string>AB94262C17AE51AC0053D2F6</string>
				<string>AB94262D17AE51AC0053D2F6</string>
			</array>
			<key>isa</key>
			<string>PBXGroup</string>
			<key>name</key>
			<string>Supporting Files</string>
			<key>sourceTree</key>
			<string>&lt;group&gt;</string>
		</dict>
		<key>AB94262C17AE51AC0053D2F6</key>
		<dict>
			<key>isa</key>
			<string>PBXFileReference</string>
			<key>lastKnownFileType</key>
			<string>text.plist.xml</string>
			<key>path</key>
			<string>OCFWebTests-Info.plist</string>
			<key>sourceTree</key>
			<string>&lt;group&gt;</string>
		</dict>
		<key>AB94262D17AE51AC0053D2F6</key>
		<dict>
			<key>children</key>
			<array>
				<string>AB94262E17AE51AC0053D2F6</string>
			</array>
			<key>isa</key>
			<string>PBXVariantGroup</string>
			<key>name</key>
			<string>InfoPlist.strings</string>
			<key>sourceTree</key>
			<string>&lt;group&gt;</string>
		</dict>
		<key>AB94262E17AE51AC0053D2F6</key>
		<dict>
			<key>isa</key>
			<string>PBXFileReference</string>
			<key>lastKnownFileType</key>
			<string>text.plist.strings</string>
			<key>name</key>
			<string>en</string>
			<key>path</key>
			<string>en.lproj/InfoPlist.strings</string>
			<key>sourceTree</key>
			<string>&lt;group&gt;</string>
		</dict>
		<key>AB94262F17AE51AC0053D2F6</key>
		<dict>
			<key>fileRef</key>
			<string>AB94262D17AE51AC0053D2F6</string>
			<key>isa</key>
			<string>PBXBuildFile</string>
		</dict>
		<key>AB94263017AE51AC0053D2F6</key>
		<dict>
			<key>isa</key>
			<string>PBXFileReference</string>
			<key>lastKnownFileType</key>
			<string>sourcecode.c.h</string>
			<key>path</key>
			<string>OCFWebTests.h</string>
			<key>sourceTree</key>
			<string>&lt;group&gt;</string>
		</dict>
		<key>AB94263117AE51AC0053D2F6</key>
		<dict>
			<key>isa</key>
			<string>PBXFileReference</string>
			<key>lastKnownFileType</key>
			<string>sourcecode.c.objc</string>
			<key>path</key>
			<string>OCFWebTests.m</string>
			<key>sourceTree</key>
			<string>&lt;group&gt;</string>
		</dict>
		<key>AB94263217AE51AC0053D2F6</key>
		<dict>
			<key>fileRef</key>
			<string>AB94263117AE51AC0053D2F6</string>
			<key>isa</key>
			<string>PBXBuildFile</string>
		</dict>
		<key>AB94263317AE51AC0053D2F6</key>
		<dict>
			<key>buildSettings</key>
			<dict>
				<key>ALWAYS_SEARCH_USER_PATHS</key>
				<string>NO</string>
				<key>ARCHS</key>
				<string>$(ARCHS_STANDARD_64_BIT)</string>
				<key>CLANG_CXX_LANGUAGE_STANDARD</key>
				<string>gnu++0x</string>
				<key>CLANG_CXX_LIBRARY</key>
				<string>libc++</string>
				<key>CLANG_ENABLE_OBJC_ARC</key>
				<string>YES</string>
				<key>CLANG_WARN_CONSTANT_CONVERSION</key>
				<string>YES</string>
				<key>CLANG_WARN_EMPTY_BODY</key>
				<string>YES</string>
				<key>CLANG_WARN_ENUM_CONVERSION</key>
				<string>YES</string>
				<key>CLANG_WARN_INT_CONVERSION</key>
				<string>YES</string>
				<key>CLANG_WARN__DUPLICATE_METHOD_MATCH</key>
				<string>YES</string>
				<key>COPY_PHASE_STRIP</key>
				<string>NO</string>
				<key>GCC_C_LANGUAGE_STANDARD</key>
				<string>gnu99</string>
				<key>GCC_DYNAMIC_NO_PIC</key>
				<string>NO</string>
				<key>GCC_ENABLE_OBJC_EXCEPTIONS</key>
				<string>YES</string>
				<key>GCC_OPTIMIZATION_LEVEL</key>
				<string>0</string>
				<key>GCC_PREPROCESSOR_DEFINITIONS</key>
				<array>
					<string>DEBUG=1</string>
					<string>$(inherited)</string>
				</array>
				<key>GCC_SYMBOLS_PRIVATE_EXTERN</key>
				<string>NO</string>
				<key>GCC_WARN_64_TO_32_BIT_CONVERSION</key>
				<string>YES</string>
				<key>GCC_WARN_ABOUT_RETURN_TYPE</key>
				<string>YES</string>
				<key>GCC_WARN_UNINITIALIZED_AUTOS</key>
				<string>YES</string>
				<key>GCC_WARN_UNUSED_VARIABLE</key>
				<string>YES</string>
				<key>MACOSX_DEPLOYMENT_TARGET</key>
				<string>10.8</string>
				<key>ONLY_ACTIVE_ARCH</key>
				<string>YES</string>
				<key>SDKROOT</key>
				<string>macosx</string>
			</dict>
			<key>isa</key>
			<string>XCBuildConfiguration</string>
			<key>name</key>
			<string>Debug</string>
		</dict>
		<key>AB94263417AE51AC0053D2F6</key>
		<dict>
			<key>buildSettings</key>
			<dict>
				<key>ALWAYS_SEARCH_USER_PATHS</key>
				<string>NO</string>
				<key>ARCHS</key>
				<string>$(ARCHS_STANDARD_64_BIT)</string>
				<key>CLANG_CXX_LANGUAGE_STANDARD</key>
				<string>gnu++0x</string>
				<key>CLANG_CXX_LIBRARY</key>
				<string>libc++</string>
				<key>CLANG_ENABLE_OBJC_ARC</key>
				<string>YES</string>
				<key>CLANG_WARN_CONSTANT_CONVERSION</key>
				<string>YES</string>
				<key>CLANG_WARN_EMPTY_BODY</key>
				<string>YES</string>
				<key>CLANG_WARN_ENUM_CONVERSION</key>
				<string>YES</string>
				<key>CLANG_WARN_INT_CONVERSION</key>
				<string>YES</string>
				<key>CLANG_WARN__DUPLICATE_METHOD_MATCH</key>
				<string>YES</string>
				<key>COPY_PHASE_STRIP</key>
				<string>YES</string>
				<key>DEBUG_INFORMATION_FORMAT</key>
				<string>dwarf-with-dsym</string>
				<key>GCC_C_LANGUAGE_STANDARD</key>
				<string>gnu99</string>
				<key>GCC_ENABLE_OBJC_EXCEPTIONS</key>
				<string>YES</string>
				<key>GCC_WARN_64_TO_32_BIT_CONVERSION</key>
				<string>YES</string>
				<key>GCC_WARN_ABOUT_RETURN_TYPE</key>
				<string>YES</string>
				<key>GCC_WARN_UNINITIALIZED_AUTOS</key>
				<string>YES</string>
				<key>GCC_WARN_UNUSED_VARIABLE</key>
				<string>YES</string>
				<key>MACOSX_DEPLOYMENT_TARGET</key>
				<string>10.8</string>
				<key>SDKROOT</key>
				<string>macosx</string>
			</dict>
			<key>isa</key>
			<string>XCBuildConfiguration</string>
			<key>name</key>
			<string>Release</string>
		</dict>
		<key>AB94263517AE51AC0053D2F6</key>
		<dict>
			<key>buildConfigurations</key>
			<array>
				<string>AB94263617AE51AC0053D2F6</string>
				<string>AB94263717AE51AC0053D2F6</string>
			</array>
			<key>defaultConfigurationIsVisible</key>
			<string>0</string>
			<key>isa</key>
			<string>XCConfigurationList</string>
		</dict>
		<key>AB94263617AE51AC0053D2F6</key>
		<dict>
			<key>baseConfigurationReference</key>
			<string>40E7359C8540412BBAFEFB5B</string>
			<key>buildSettings</key>
			<dict>
				<key>COMBINE_HIDPI_IMAGES</key>
				<string>YES</string>
				<key>DYLIB_COMPATIBILITY_VERSION</key>
				<string>1</string>
				<key>DYLIB_CURRENT_VERSION</key>
				<string>1</string>
				<key>FRAMEWORK_VERSION</key>
				<string>A</string>
				<key>GCC_PRECOMPILE_PREFIX_HEADER</key>
				<string>YES</string>
				<key>GCC_PREFIX_HEADER</key>
				<string>OCFWeb/OCFWeb-Prefix.pch</string>
				<key>INFOPLIST_FILE</key>
				<string>OCFWeb/OCFWeb-Info.plist</string>
				<key>PRODUCT_NAME</key>
				<string>$(TARGET_NAME)</string>
				<key>WRAPPER_EXTENSION</key>
				<string>framework</string>
			</dict>
			<key>isa</key>
			<string>XCBuildConfiguration</string>
			<key>name</key>
			<string>Debug</string>
		</dict>
		<key>AB94263717AE51AC0053D2F6</key>
		<dict>
			<key>baseConfigurationReference</key>
			<string>40E7359C8540412BBAFEFB5B</string>
			<key>buildSettings</key>
			<dict>
				<key>COMBINE_HIDPI_IMAGES</key>
				<string>YES</string>
				<key>DYLIB_COMPATIBILITY_VERSION</key>
				<string>1</string>
				<key>DYLIB_CURRENT_VERSION</key>
				<string>1</string>
				<key>FRAMEWORK_VERSION</key>
				<string>A</string>
				<key>GCC_PRECOMPILE_PREFIX_HEADER</key>
				<string>YES</string>
				<key>GCC_PREFIX_HEADER</key>
				<string>OCFWeb/OCFWeb-Prefix.pch</string>
				<key>INFOPLIST_FILE</key>
				<string>OCFWeb/OCFWeb-Info.plist</string>
				<key>PRODUCT_NAME</key>
				<string>$(TARGET_NAME)</string>
				<key>WRAPPER_EXTENSION</key>
				<string>framework</string>
			</dict>
			<key>isa</key>
			<string>XCBuildConfiguration</string>
			<key>name</key>
			<string>Release</string>
		</dict>
		<key>AB94263817AE51AC0053D2F6</key>
		<dict>
			<key>buildConfigurations</key>
			<array>
				<string>AB94263917AE51AC0053D2F6</string>
				<string>AB94263A17AE51AC0053D2F6</string>
			</array>
			<key>defaultConfigurationIsVisible</key>
			<string>0</string>
			<key>isa</key>
			<string>XCConfigurationList</string>
		</dict>
		<key>AB94263917AE51AC0053D2F6</key>
		<dict>
			<key>buildSettings</key>
			<dict>
				<key>COMBINE_HIDPI_IMAGES</key>
				<string>YES</string>
				<key>FRAMEWORK_SEARCH_PATHS</key>
				<string>"$(DEVELOPER_LIBRARY_DIR)/Frameworks"</string>
				<key>GCC_PRECOMPILE_PREFIX_HEADER</key>
				<string>YES</string>
				<key>GCC_PREFIX_HEADER</key>
				<string>OCFWeb/OCFWeb-Prefix.pch</string>
				<key>INFOPLIST_FILE</key>
				<string>OCFWebTests/OCFWebTests-Info.plist</string>
				<key>PRODUCT_NAME</key>
				<string>$(TARGET_NAME)</string>
				<key>WRAPPER_EXTENSION</key>
				<string>octest</string>
			</dict>
			<key>isa</key>
			<string>XCBuildConfiguration</string>
			<key>name</key>
			<string>Debug</string>
		</dict>
		<key>AB94263A17AE51AC0053D2F6</key>
		<dict>
			<key>buildSettings</key>
			<dict>
				<key>COMBINE_HIDPI_IMAGES</key>
				<string>YES</string>
				<key>FRAMEWORK_SEARCH_PATHS</key>
				<string>"$(DEVELOPER_LIBRARY_DIR)/Frameworks"</string>
				<key>GCC_PRECOMPILE_PREFIX_HEADER</key>
				<string>YES</string>
				<key>GCC_PREFIX_HEADER</key>
				<string>OCFWeb/OCFWeb-Prefix.pch</string>
				<key>INFOPLIST_FILE</key>
				<string>OCFWebTests/OCFWebTests-Info.plist</string>
				<key>PRODUCT_NAME</key>
				<string>$(TARGET_NAME)</string>
				<key>WRAPPER_EXTENSION</key>
				<string>octest</string>
			</dict>
			<key>isa</key>
			<string>XCBuildConfiguration</string>
			<key>name</key>
			<string>Release</string>
		</dict>
		<key>AB94263B17AE51DB0053D2F6</key>
		<dict>
			<key>fileEncoding</key>
			<string>4</string>
			<key>isa</key>
			<string>PBXFileReference</string>
			<key>lastKnownFileType</key>
			<string>sourcecode.c.h</string>
			<key>path</key>
			<string>NSDictionary+OCFConfigurationAdditions.h</string>
			<key>sourceTree</key>
			<string>&lt;group&gt;</string>
		</dict>
		<key>AB94263C17AE51DB0053D2F6</key>
		<dict>
			<key>fileEncoding</key>
			<string>4</string>
			<key>isa</key>
			<string>PBXFileReference</string>
			<key>lastKnownFileType</key>
			<string>sourcecode.c.objc</string>
			<key>path</key>
			<string>NSDictionary+OCFConfigurationAdditions.m</string>
			<key>sourceTree</key>
			<string>&lt;group&gt;</string>
		</dict>
		<key>AB94263D17AE51DB0053D2F6</key>
		<dict>
			<key>fileEncoding</key>
			<string>4</string>
			<key>isa</key>
			<string>PBXFileReference</string>
			<key>lastKnownFileType</key>
			<string>sourcecode.c.h</string>
			<key>path</key>
			<string>OCFMethodRoutesPair.h</string>
			<key>sourceTree</key>
			<string>&lt;group&gt;</string>
		</dict>
		<key>AB94263E17AE51DB0053D2F6</key>
		<dict>
			<key>fileEncoding</key>
			<string>4</string>
			<key>isa</key>
			<string>PBXFileReference</string>
			<key>lastKnownFileType</key>
			<string>sourcecode.c.objc</string>
			<key>path</key>
			<string>OCFMethodRoutesPair.m</string>
			<key>sourceTree</key>
			<string>&lt;group&gt;</string>
		</dict>
		<key>AB94263F17AE51DB0053D2F6</key>
		<dict>
			<key>fileEncoding</key>
			<string>4</string>
			<key>isa</key>
			<string>PBXFileReference</string>
			<key>lastKnownFileType</key>
			<string>sourcecode.c.h</string>
			<key>path</key>
			<string>OCFMustache.h</string>
			<key>sourceTree</key>
			<string>&lt;group&gt;</string>
		</dict>
		<key>AB94264017AE51DB0053D2F6</key>
		<dict>
			<key>fileEncoding</key>
			<string>4</string>
			<key>isa</key>
			<string>PBXFileReference</string>
			<key>lastKnownFileType</key>
			<string>sourcecode.c.objc</string>
			<key>path</key>
			<string>OCFMustache.m</string>
			<key>sourceTree</key>
			<string>&lt;group&gt;</string>
		</dict>
		<key>AB94264117AE51DB0053D2F6</key>
		<dict>
			<key>fileEncoding</key>
			<string>4</string>
			<key>isa</key>
			<string>PBXFileReference</string>
			<key>lastKnownFileType</key>
			<string>sourcecode.c.h</string>
			<key>path</key>
			<string>OCFRequest_Extension.h</string>
			<key>sourceTree</key>
			<string>&lt;group&gt;</string>
		</dict>
		<key>AB94264217AE51DB0053D2F6</key>
		<dict>
			<key>fileEncoding</key>
			<string>4</string>
			<key>isa</key>
			<string>PBXFileReference</string>
			<key>lastKnownFileType</key>
			<string>sourcecode.c.h</string>
			<key>path</key>
			<string>OCFRequest.h</string>
			<key>sourceTree</key>
			<string>&lt;group&gt;</string>
		</dict>
		<key>AB94264317AE51DB0053D2F6</key>
		<dict>
			<key>fileEncoding</key>
			<string>4</string>
			<key>isa</key>
			<string>PBXFileReference</string>
			<key>lastKnownFileType</key>
			<string>sourcecode.c.objc</string>
			<key>path</key>
			<string>OCFRequest.m</string>
			<key>sourceTree</key>
			<string>&lt;group&gt;</string>
		</dict>
		<key>AB94264417AE51DB0053D2F6</key>
		<dict>
			<key>fileEncoding</key>
			<string>4</string>
			<key>isa</key>
			<string>PBXFileReference</string>
			<key>lastKnownFileType</key>
			<string>sourcecode.c.h</string>
			<key>path</key>
			<string>OCFRequest+Private.h</string>
			<key>sourceTree</key>
			<string>&lt;group&gt;</string>
		</dict>
		<key>AB94264517AE51DB0053D2F6</key>
		<dict>
			<key>fileEncoding</key>
			<string>4</string>
			<key>isa</key>
			<string>PBXFileReference</string>
			<key>lastKnownFileType</key>
			<string>sourcecode.c.objc</string>
			<key>path</key>
			<string>OCFRequest+Private.m</string>
			<key>sourceTree</key>
			<string>&lt;group&gt;</string>
		</dict>
		<key>AB94264617AE51DB0053D2F6</key>
		<dict>
			<key>fileEncoding</key>
			<string>4</string>
			<key>isa</key>
			<string>PBXFileReference</string>
			<key>lastKnownFileType</key>
			<string>sourcecode.c.h</string>
			<key>path</key>
			<string>OCFResponse.h</string>
			<key>sourceTree</key>
			<string>&lt;group&gt;</string>
		</dict>
		<key>AB94264717AE51DB0053D2F6</key>
		<dict>
			<key>fileEncoding</key>
			<string>4</string>
			<key>isa</key>
			<string>PBXFileReference</string>
			<key>lastKnownFileType</key>
			<string>sourcecode.c.objc</string>
			<key>path</key>
			<string>OCFResponse.m</string>
			<key>sourceTree</key>
			<string>&lt;group&gt;</string>
		</dict>
		<key>AB94264817AE51DB0053D2F6</key>
		<dict>
			<key>fileEncoding</key>
			<string>4</string>
			<key>isa</key>
			<string>PBXFileReference</string>
			<key>lastKnownFileType</key>
			<string>sourcecode.c.h</string>
			<key>path</key>
			<string>OCFRoute.h</string>
			<key>sourceTree</key>
			<string>&lt;group&gt;</string>
		</dict>
		<key>AB94264917AE51DB0053D2F6</key>
		<dict>
			<key>fileEncoding</key>
			<string>4</string>
			<key>isa</key>
			<string>PBXFileReference</string>
			<key>lastKnownFileType</key>
			<string>sourcecode.c.objc</string>
			<key>path</key>
			<string>OCFRoute.m</string>
			<key>sourceTree</key>
			<string>&lt;group&gt;</string>
		</dict>
		<key>AB94264A17AE51DB0053D2F6</key>
		<dict>
			<key>fileEncoding</key>
			<string>4</string>
			<key>isa</key>
			<string>PBXFileReference</string>
			<key>lastKnownFileType</key>
			<string>sourcecode.c.h</string>
			<key>path</key>
			<string>OCFRouter.h</string>
			<key>sourceTree</key>
			<string>&lt;group&gt;</string>
		</dict>
		<key>AB94264B17AE51DB0053D2F6</key>
		<dict>
			<key>fileEncoding</key>
			<string>4</string>
			<key>isa</key>
			<string>PBXFileReference</string>
			<key>lastKnownFileType</key>
			<string>sourcecode.c.objc</string>
			<key>path</key>
			<string>OCFRouter.m</string>
			<key>sourceTree</key>
			<string>&lt;group&gt;</string>
		</dict>
		<key>AB94264C17AE51DB0053D2F6</key>
		<dict>
			<key>fileEncoding</key>
			<string>4</string>
			<key>isa</key>
			<string>PBXFileReference</string>
			<key>lastKnownFileType</key>
			<string>sourcecode.c.h</string>
			<key>path</key>
			<string>OCFWebApplication.h</string>
			<key>sourceTree</key>
			<string>&lt;group&gt;</string>
		</dict>
		<key>AB94264D17AE51DB0053D2F6</key>
		<dict>
			<key>fileEncoding</key>
			<string>4</string>
			<key>isa</key>
			<string>PBXFileReference</string>
			<key>lastKnownFileType</key>
			<string>sourcecode.c.objc</string>
			<key>path</key>
			<string>OCFWebApplication.m</string>
			<key>sourceTree</key>
			<string>&lt;group&gt;</string>
		</dict>
		<key>AB94264E17AE51DB0053D2F6</key>
		<dict>
			<key>fileEncoding</key>
			<string>4</string>
			<key>isa</key>
			<string>PBXFileReference</string>
			<key>lastKnownFileType</key>
			<string>sourcecode.c.h</string>
			<key>path</key>
			<string>OCFWebApplicationDelegate.h</string>
			<key>sourceTree</key>
			<string>&lt;group&gt;</string>
		</dict>
		<key>AB94264F17AE51DB0053D2F6</key>
		<dict>
			<key>fileEncoding</key>
			<string>4</string>
			<key>isa</key>
			<string>PBXFileReference</string>
			<key>lastKnownFileType</key>
			<string>sourcecode.c.h</string>
			<key>path</key>
			<string>OCFWebServerRequest+OCFWebAdditions.h</string>
			<key>sourceTree</key>
			<string>&lt;group&gt;</string>
		</dict>
		<key>AB94265017AE51DB0053D2F6</key>
		<dict>
			<key>fileEncoding</key>
			<string>4</string>
			<key>isa</key>
			<string>PBXFileReference</string>
			<key>lastKnownFileType</key>
			<string>sourcecode.c.objc</string>
			<key>path</key>
			<string>OCFWebServerRequest+OCFWebAdditions.m</string>
			<key>sourceTree</key>
			<string>&lt;group&gt;</string>
		</dict>
		<key>AB94265117AE51DB0053D2F6</key>
		<dict>
			<key>fileRef</key>
			<string>AB94263B17AE51DB0053D2F6</string>
			<key>isa</key>
			<string>PBXBuildFile</string>
		</dict>
		<key>AB94265217AE51DB0053D2F6</key>
		<dict>
			<key>fileRef</key>
			<string>AB94263C17AE51DB0053D2F6</string>
			<key>isa</key>
			<string>PBXBuildFile</string>
		</dict>
		<key>AB94265317AE51DB0053D2F6</key>
		<dict>
			<key>fileRef</key>
			<string>AB94263D17AE51DB0053D2F6</string>
			<key>isa</key>
			<string>PBXBuildFile</string>
		</dict>
		<key>AB94265417AE51DB0053D2F6</key>
		<dict>
			<key>fileRef</key>
			<string>AB94263E17AE51DB0053D2F6</string>
			<key>isa</key>
			<string>PBXBuildFile</string>
		</dict>
		<key>AB94265517AE51DB0053D2F6</key>
		<dict>
			<key>fileRef</key>
			<string>AB94263F17AE51DB0053D2F6</string>
			<key>isa</key>
			<string>PBXBuildFile</string>
		</dict>
		<key>AB94265617AE51DB0053D2F6</key>
		<dict>
			<key>fileRef</key>
			<string>AB94264017AE51DB0053D2F6</string>
			<key>isa</key>
			<string>PBXBuildFile</string>
		</dict>
		<key>AB94265717AE51DB0053D2F6</key>
		<dict>
			<key>fileRef</key>
			<string>AB94264117AE51DB0053D2F6</string>
			<key>isa</key>
			<string>PBXBuildFile</string>
		</dict>
		<key>AB94265817AE51DB0053D2F6</key>
		<dict>
			<key>fileRef</key>
			<string>AB94264217AE51DB0053D2F6</string>
			<key>isa</key>
			<string>PBXBuildFile</string>
		</dict>
		<key>AB94265917AE51DB0053D2F6</key>
		<dict>
			<key>fileRef</key>
			<string>AB94264317AE51DB0053D2F6</string>
			<key>isa</key>
			<string>PBXBuildFile</string>
		</dict>
		<key>AB94265A17AE51DB0053D2F6</key>
		<dict>
			<key>fileRef</key>
			<string>AB94264417AE51DB0053D2F6</string>
			<key>isa</key>
			<string>PBXBuildFile</string>
		</dict>
		<key>AB94265B17AE51DB0053D2F6</key>
		<dict>
			<key>fileRef</key>
			<string>AB94264517AE51DB0053D2F6</string>
			<key>isa</key>
			<string>PBXBuildFile</string>
		</dict>
		<key>AB94265C17AE51DB0053D2F6</key>
		<dict>
			<key>fileRef</key>
			<string>AB94264617AE51DB0053D2F6</string>
			<key>isa</key>
			<string>PBXBuildFile</string>
		</dict>
		<key>AB94265D17AE51DB0053D2F6</key>
		<dict>
			<key>fileRef</key>
			<string>AB94264717AE51DB0053D2F6</string>
			<key>isa</key>
			<string>PBXBuildFile</string>
		</dict>
		<key>AB94265E17AE51DB0053D2F6</key>
		<dict>
			<key>fileRef</key>
			<string>AB94264817AE51DB0053D2F6</string>
			<key>isa</key>
			<string>PBXBuildFile</string>
		</dict>
		<key>AB94265F17AE51DB0053D2F6</key>
		<dict>
			<key>fileRef</key>
			<string>AB94264917AE51DB0053D2F6</string>
			<key>isa</key>
			<string>PBXBuildFile</string>
		</dict>
		<key>AB94266017AE51DB0053D2F6</key>
		<dict>
			<key>fileRef</key>
			<string>AB94264A17AE51DB0053D2F6</string>
			<key>isa</key>
			<string>PBXBuildFile</string>
		</dict>
		<key>AB94266117AE51DB0053D2F6</key>
		<dict>
			<key>fileRef</key>
			<string>AB94264B17AE51DB0053D2F6</string>
			<key>isa</key>
			<string>PBXBuildFile</string>
		</dict>
		<key>AB94266217AE51DB0053D2F6</key>
		<dict>
			<key>fileRef</key>
			<string>AB94264C17AE51DB0053D2F6</string>
			<key>isa</key>
			<string>PBXBuildFile</string>
		</dict>
		<key>AB94266317AE51DB0053D2F6</key>
		<dict>
			<key>fileRef</key>
			<string>AB94264D17AE51DB0053D2F6</string>
			<key>isa</key>
			<string>PBXBuildFile</string>
		</dict>
		<key>AB94266417AE51DB0053D2F6</key>
		<dict>
			<key>fileRef</key>
			<string>AB94264E17AE51DB0053D2F6</string>
			<key>isa</key>
			<string>PBXBuildFile</string>
		</dict>
		<key>AB94266517AE51DB0053D2F6</key>
		<dict>
			<key>fileRef</key>
			<string>AB94264F17AE51DB0053D2F6</string>
			<key>isa</key>
			<string>PBXBuildFile</string>
		</dict>
		<key>AB94266617AE51DB0053D2F6</key>
		<dict>
			<key>fileRef</key>
			<string>AB94265017AE51DB0053D2F6</string>
			<key>isa</key>
			<string>PBXBuildFile</string>
		</dict>
		<key>D92E6B0A2F124FD387BD48AC</key>
		<dict>
			<key>explicitFileType</key>
			<string>archive.ar</string>
			<key>includeInIndex</key>
			<string>0</string>
			<key>isa</key>
			<string>PBXFileReference</string>
			<key>path</key>
			<string>libPods.a</string>
			<key>sourceTree</key>
			<string>BUILT_PRODUCTS_DIR</string>
		</dict>
	</dict>
	<key>rootObject</key>
	<string>AB94260217AE51AB0053D2F6</string>
</dict>
</plist>
